// !$*UTF8*$!
{
	archiveVersion = 1;
	classes = {
	};
	objectVersion = 50;
	objects = {

/* Begin PBXBuildFile section */
		86BECC0823173B1F00A2BE4D /* AppDelegate.swift in Sources */ = {isa = PBXBuildFile; fileRef = 86BECC0723173B1F00A2BE4D /* AppDelegate.swift */; };
		86BECC0A23173B1F00A2BE4D /* ViewController.swift in Sources */ = {isa = PBXBuildFile; fileRef = 86BECC0923173B1F00A2BE4D /* ViewController.swift */; };
		86BECC0D23173B1F00A2BE4D /* Main.storyboard in Resources */ = {isa = PBXBuildFile; fileRef = 86BECC0B23173B1F00A2BE4D /* Main.storyboard */; };
		86BECC0F23173B2100A2BE4D /* Assets.xcassets in Resources */ = {isa = PBXBuildFile; fileRef = 86BECC0E23173B2100A2BE4D /* Assets.xcassets */; };
		86BECC1223173B2100A2BE4D /* LaunchScreen.storyboard in Resources */ = {isa = PBXBuildFile; fileRef = 86BECC1023173B2100A2BE4D /* LaunchScreen.storyboard */; };
		86BECC1D23173B2100A2BE4D /* FlixNChillTests.swift in Sources */ = {isa = PBXBuildFile; fileRef = 86BECC1C23173B2100A2BE4D /* FlixNChillTests.swift */; };
		86BECC2823173B2100A2BE4D /* FlixNChillUITests.swift in Sources */ = {isa = PBXBuildFile; fileRef = 86BECC2723173B2100A2BE4D /* FlixNChillUITests.swift */; };
/* End PBXBuildFile section */

/* Begin PBXContainerItemProxy section */
		86BECC1923173B2100A2BE4D /* PBXContainerItemProxy */ = {
			isa = PBXContainerItemProxy;
			containerPortal = 86BECBFC23173B1F00A2BE4D /* Project object */;
			proxyType = 1;
			remoteGlobalIDString = 86BECC0323173B1F00A2BE4D;
			remoteInfo = FlixNChill;
		};
		86BECC2423173B2100A2BE4D /* PBXContainerItemProxy */ = {
			isa = PBXContainerItemProxy;
			containerPortal = 86BECBFC23173B1F00A2BE4D /* Project object */;
			proxyType = 1;
			remoteGlobalIDString = 86BECC0323173B1F00A2BE4D;
			remoteInfo = FlixNChill;
		};
/* End PBXContainerItemProxy section */

/* Begin PBXFileReference section */
		86BECC0423173B1F00A2BE4D /* FlixNChill.app */ = {isa = PBXFileReference; explicitFileType = wrapper.application; includeInIndex = 0; path = FlixNChill.app; sourceTree = BUILT_PRODUCTS_DIR; };
		86BECC0723173B1F00A2BE4D /* AppDelegate.swift */ = {isa = PBXFileReference; lastKnownFileType = sourcecode.swift; path = AppDelegate.swift; sourceTree = "<group>"; };
		86BECC0923173B1F00A2BE4D /* ViewController.swift */ = {isa = PBXFileReference; lastKnownFileType = sourcecode.swift; path = ViewController.swift; sourceTree = "<group>"; };
		86BECC0C23173B1F00A2BE4D /* Base */ = {isa = PBXFileReference; lastKnownFileType = file.storyboard; name = Base; path = Base.lproj/Main.storyboard; sourceTree = "<group>"; };
		86BECC0E23173B2100A2BE4D /* Assets.xcassets */ = {isa = PBXFileReference; lastKnownFileType = folder.assetcatalog; path = Assets.xcassets; sourceTree = "<group>"; };
		86BECC1123173B2100A2BE4D /* Base */ = {isa = PBXFileReference; lastKnownFileType = file.storyboard; name = Base; path = Base.lproj/LaunchScreen.storyboard; sourceTree = "<group>"; };
		86BECC1323173B2100A2BE4D /* Info.plist */ = {isa = PBXFileReference; lastKnownFileType = text.plist.xml; path = Info.plist; sourceTree = "<group>"; };
		86BECC1823173B2100A2BE4D /* FlixNChillTests.xctest */ = {isa = PBXFileReference; explicitFileType = wrapper.cfbundle; includeInIndex = 0; path = FlixNChillTests.xctest; sourceTree = BUILT_PRODUCTS_DIR; };
		86BECC1C23173B2100A2BE4D /* FlixNChillTests.swift */ = {isa = PBXFileReference; lastKnownFileType = sourcecode.swift; path = FlixNChillTests.swift; sourceTree = "<group>"; };
		86BECC1E23173B2100A2BE4D /* Info.plist */ = {isa = PBXFileReference; lastKnownFileType = text.plist.xml; path = Info.plist; sourceTree = "<group>"; };
		86BECC2323173B2100A2BE4D /* FlixNChillUITests.xctest */ = {isa = PBXFileReference; explicitFileType = wrapper.cfbundle; includeInIndex = 0; path = FlixNChillUITests.xctest; sourceTree = BUILT_PRODUCTS_DIR; };
		86BECC2723173B2100A2BE4D /* FlixNChillUITests.swift */ = {isa = PBXFileReference; lastKnownFileType = sourcecode.swift; path = FlixNChillUITests.swift; sourceTree = "<group>"; };
		86BECC2923173B2100A2BE4D /* Info.plist */ = {isa = PBXFileReference; lastKnownFileType = text.plist.xml; path = Info.plist; sourceTree = "<group>"; };
/* End PBXFileReference section */

/* Begin PBXFrameworksBuildPhase section */
		86BECC0123173B1F00A2BE4D /* Frameworks */ = {
			isa = PBXFrameworksBuildPhase;
			buildActionMask = 2147483647;
			files = (
			);
			runOnlyForDeploymentPostprocessing = 0;
		};
		86BECC1523173B2100A2BE4D /* Frameworks */ = {
			isa = PBXFrameworksBuildPhase;
			buildActionMask = 2147483647;
			files = (
			);
			runOnlyForDeploymentPostprocessing = 0;
		};
		86BECC2023173B2100A2BE4D /* Frameworks */ = {
			isa = PBXFrameworksBuildPhase;
			buildActionMask = 2147483647;
			files = (
			);
			runOnlyForDeploymentPostprocessing = 0;
		};
/* End PBXFrameworksBuildPhase section */

/* Begin PBXGroup section */
		86BECBFB23173B1F00A2BE4D = {
			isa = PBXGroup;
			children = (
				86BECC0623173B1F00A2BE4D /* FlixNChill */,
				86BECC1B23173B2100A2BE4D /* FlixNChillTests */,
				86BECC2623173B2100A2BE4D /* FlixNChillUITests */,
				86BECC0523173B1F00A2BE4D /* Products */,
			);
			sourceTree = "<group>";
		};
		86BECC0523173B1F00A2BE4D /* Products */ = {
			isa = PBXGroup;
			children = (
				86BECC0423173B1F00A2BE4D /* FlixNChill.app */,
				86BECC1823173B2100A2BE4D /* FlixNChillTests.xctest */,
				86BECC2323173B2100A2BE4D /* FlixNChillUITests.xctest */,
			);
			name = Products;
			sourceTree = "<group>";
		};
		86BECC0623173B1F00A2BE4D /* FlixNChill */ = {
			isa = PBXGroup;
			children = (
				86BECC0723173B1F00A2BE4D /* AppDelegate.swift */,
				86BECC0923173B1F00A2BE4D /* ViewController.swift */,
				86BECC0B23173B1F00A2BE4D /* Main.storyboard */,
				86BECC0E23173B2100A2BE4D /* Assets.xcassets */,
				86BECC1023173B2100A2BE4D /* LaunchScreen.storyboard */,
				86BECC1323173B2100A2BE4D /* Info.plist */,
			);
			path = FlixNChill;
			sourceTree = "<group>";
		};
		86BECC1B23173B2100A2BE4D /* FlixNChillTests */ = {
			isa = PBXGroup;
			children = (
				86BECC1C23173B2100A2BE4D /* FlixNChillTests.swift */,
				86BECC1E23173B2100A2BE4D /* Info.plist */,
			);
			path = FlixNChillTests;
			sourceTree = "<group>";
		};
		86BECC2623173B2100A2BE4D /* FlixNChillUITests */ = {
			isa = PBXGroup;
			children = (
				86BECC2723173B2100A2BE4D /* FlixNChillUITests.swift */,
				86BECC2923173B2100A2BE4D /* Info.plist */,
			);
			path = FlixNChillUITests;
			sourceTree = "<group>";
		};
/* End PBXGroup section */

/* Begin PBXNativeTarget section */
		86BECC0323173B1F00A2BE4D /* FlixNChill */ = {
			isa = PBXNativeTarget;
			buildConfigurationList = 86BECC2C23173B2100A2BE4D /* Build configuration list for PBXNativeTarget "FlixNChill" */;
			buildPhases = (
				86BECC0023173B1F00A2BE4D /* Sources */,
				86BECC0123173B1F00A2BE4D /* Frameworks */,
				86BECC0223173B1F00A2BE4D /* Resources */,
			);
			buildRules = (
			);
			dependencies = (
			);
			name = FlixNChill;
			productName = FlixNChill;
			productReference = 86BECC0423173B1F00A2BE4D /* FlixNChill.app */;
			productType = "com.apple.product-type.application";
		};
		86BECC1723173B2100A2BE4D /* FlixNChillTests */ = {
			isa = PBXNativeTarget;
			buildConfigurationList = 86BECC2F23173B2100A2BE4D /* Build configuration list for PBXNativeTarget "FlixNChillTests" */;
			buildPhases = (
				86BECC1423173B2100A2BE4D /* Sources */,
				86BECC1523173B2100A2BE4D /* Frameworks */,
				86BECC1623173B2100A2BE4D /* Resources */,
			);
			buildRules = (
			);
			dependencies = (
				86BECC1A23173B2100A2BE4D /* PBXTargetDependency */,
			);
			name = FlixNChillTests;
			productName = FlixNChillTests;
			productReference = 86BECC1823173B2100A2BE4D /* FlixNChillTests.xctest */;
			productType = "com.apple.product-type.bundle.unit-test";
		};
		86BECC2223173B2100A2BE4D /* FlixNChillUITests */ = {
			isa = PBXNativeTarget;
			buildConfigurationList = 86BECC3223173B2100A2BE4D /* Build configuration list for PBXNativeTarget "FlixNChillUITests" */;
			buildPhases = (
				86BECC1F23173B2100A2BE4D /* Sources */,
				86BECC2023173B2100A2BE4D /* Frameworks */,
				86BECC2123173B2100A2BE4D /* Resources */,
			);
			buildRules = (
			);
			dependencies = (
				86BECC2523173B2100A2BE4D /* PBXTargetDependency */,
			);
			name = FlixNChillUITests;
			productName = FlixNChillUITests;
			productReference = 86BECC2323173B2100A2BE4D /* FlixNChillUITests.xctest */;
			productType = "com.apple.product-type.bundle.ui-testing";
		};
/* End PBXNativeTarget section */

/* Begin PBXProject section */
		86BECBFC23173B1F00A2BE4D /* Project object */ = {
			isa = PBXProject;
			attributes = {
				LastSwiftUpdateCheck = 1010;
				LastUpgradeCheck = 1010;
				ORGANIZATIONNAME = codepath;
				TargetAttributes = {
					86BECC0323173B1F00A2BE4D = {
						CreatedOnToolsVersion = 10.1;
					};
					86BECC1723173B2100A2BE4D = {
						CreatedOnToolsVersion = 10.1;
						TestTargetID = 86BECC0323173B1F00A2BE4D;
					};
					86BECC2223173B2100A2BE4D = {
						CreatedOnToolsVersion = 10.1;
						TestTargetID = 86BECC0323173B1F00A2BE4D;
					};
				};
			};
			buildConfigurationList = 86BECBFF23173B1F00A2BE4D /* Build configuration list for PBXProject "FlixNChill" */;
			compatibilityVersion = "Xcode 9.3";
			developmentRegion = en;
			hasScannedForEncodings = 0;
			knownRegions = (
				en,
				Base,
			);
			mainGroup = 86BECBFB23173B1F00A2BE4D;
			productRefGroup = 86BECC0523173B1F00A2BE4D /* Products */;
			projectDirPath = "";
			projectRoot = "";
			targets = (
				86BECC0323173B1F00A2BE4D /* FlixNChill */,
				86BECC1723173B2100A2BE4D /* FlixNChillTests */,
				86BECC2223173B2100A2BE4D /* FlixNChillUITests */,
			);
		};
/* End PBXProject section */

/* Begin PBXResourcesBuildPhase section */
		86BECC0223173B1F00A2BE4D /* Resources */ = {
			isa = PBXResourcesBuildPhase;
			buildActionMask = 2147483647;
			files = (
				86BECC1223173B2100A2BE4D /* LaunchScreen.storyboard in Resources */,
				86BECC0F23173B2100A2BE4D /* Assets.xcassets in Resources */,
				86BECC0D23173B1F00A2BE4D /* Main.storyboard in Resources */,
			);
			runOnlyForDeploymentPostprocessing = 0;
		};
		86BECC1623173B2100A2BE4D /* Resources */ = {
			isa = PBXResourcesBuildPhase;
			buildActionMask = 2147483647;
			files = (
			);
			runOnlyForDeploymentPostprocessing = 0;
		};
		86BECC2123173B2100A2BE4D /* Resources */ = {
			isa = PBXResourcesBuildPhase;
			buildActionMask = 2147483647;
			files = (
			);
			runOnlyForDeploymentPostprocessing = 0;
		};
/* End PBXResourcesBuildPhase section */

/* Begin PBXSourcesBuildPhase section */
		86BECC0023173B1F00A2BE4D /* Sources */ = {
			isa = PBXSourcesBuildPhase;
			buildActionMask = 2147483647;
			files = (
				86BECC0A23173B1F00A2BE4D /* ViewController.swift in Sources */,
				86BECC0823173B1F00A2BE4D /* AppDelegate.swift in Sources */,
			);
			runOnlyForDeploymentPostprocessing = 0;
		};
		86BECC1423173B2100A2BE4D /* Sources */ = {
			isa = PBXSourcesBuildPhase;
			buildActionMask = 2147483647;
			files = (
				86BECC1D23173B2100A2BE4D /* FlixNChillTests.swift in Sources */,
			);
			runOnlyForDeploymentPostprocessing = 0;
		};
		86BECC1F23173B2100A2BE4D /* Sources */ = {
			isa = PBXSourcesBuildPhase;
			buildActionMask = 2147483647;
			files = (
				86BECC2823173B2100A2BE4D /* FlixNChillUITests.swift in Sources */,
			);
			runOnlyForDeploymentPostprocessing = 0;
		};
/* End PBXSourcesBuildPhase section */

/* Begin PBXTargetDependency section */
		86BECC1A23173B2100A2BE4D /* PBXTargetDependency */ = {
			isa = PBXTargetDependency;
			target = 86BECC0323173B1F00A2BE4D /* FlixNChill */;
			targetProxy = 86BECC1923173B2100A2BE4D /* PBXContainerItemProxy */;
		};
		86BECC2523173B2100A2BE4D /* PBXTargetDependency */ = {
			isa = PBXTargetDependency;
			target = 86BECC0323173B1F00A2BE4D /* FlixNChill */;
			targetProxy = 86BECC2423173B2100A2BE4D /* PBXContainerItemProxy */;
		};
/* End PBXTargetDependency section */

/* Begin PBXVariantGroup section */
		86BECC0B23173B1F00A2BE4D /* Main.storyboard */ = {
			isa = PBXVariantGroup;
			children = (
				86BECC0C23173B1F00A2BE4D /* Base */,
			);
			name = Main.storyboard;
			sourceTree = "<group>";
		};
		86BECC1023173B2100A2BE4D /* LaunchScreen.storyboard */ = {
			isa = PBXVariantGroup;
			children = (
				86BECC1123173B2100A2BE4D /* Base */,
			);
			name = LaunchScreen.storyboard;
			sourceTree = "<group>";
		};
/* End PBXVariantGroup section */

/* Begin XCBuildConfiguration section */
		86BECC2A23173B2100A2BE4D /* Debug */ = {
			isa = XCBuildConfiguration;
			buildSettings = {
				ALWAYS_SEARCH_USER_PATHS = NO;
				CLANG_ANALYZER_NONNULL = YES;
				CLANG_ANALYZER_NUMBER_OBJECT_CONVERSION = YES_AGGRESSIVE;
				CLANG_CXX_LANGUAGE_STANDARD = "gnu++14";
				CLANG_CXX_LIBRARY = "libc++";
				CLANG_ENABLE_MODULES = YES;
				CLANG_ENABLE_OBJC_ARC = YES;
				CLANG_ENABLE_OBJC_WEAK = YES;
				CLANG_WARN_BLOCK_CAPTURE_AUTORELEASING = YES;
				CLANG_WARN_BOOL_CONVERSION = YES;
				CLANG_WARN_COMMA = YES;
				CLANG_WARN_CONSTANT_CONVERSION = YES;
				CLANG_WARN_DEPRECATED_OBJC_IMPLEMENTATIONS = YES;
				CLANG_WARN_DIRECT_OBJC_ISA_USAGE = YES_ERROR;
				CLANG_WARN_DOCUMENTATION_COMMENTS = YES;
				CLANG_WARN_EMPTY_BODY = YES;
				CLANG_WARN_ENUM_CONVERSION = YES;
				CLANG_WARN_INFINITE_RECURSION = YES;
				CLANG_WARN_INT_CONVERSION = YES;
				CLANG_WARN_NON_LITERAL_NULL_CONVERSION = YES;
				CLANG_WARN_OBJC_IMPLICIT_RETAIN_SELF = YES;
				CLANG_WARN_OBJC_LITERAL_CONVERSION = YES;
				CLANG_WARN_OBJC_ROOT_CLASS = YES_ERROR;
				CLANG_WARN_RANGE_LOOP_ANALYSIS = YES;
				CLANG_WARN_STRICT_PROTOTYPES = YES;
				CLANG_WARN_SUSPICIOUS_MOVE = YES;
				CLANG_WARN_UNGUARDED_AVAILABILITY = YES_AGGRESSIVE;
				CLANG_WARN_UNREACHABLE_CODE = YES;
				CLANG_WARN__DUPLICATE_METHOD_MATCH = YES;
				CODE_SIGN_IDENTITY = "iPhone Developer";
				COPY_PHASE_STRIP = NO;
				DEBUG_INFORMATION_FORMAT = dwarf;
				ENABLE_STRICT_OBJC_MSGSEND = YES;
				ENABLE_TESTABILITY = YES;
				GCC_C_LANGUAGE_STANDARD = gnu11;
				GCC_DYNAMIC_NO_PIC = NO;
				GCC_NO_COMMON_BLOCKS = YES;
				GCC_OPTIMIZATION_LEVEL = 0;
				GCC_PREPROCESSOR_DEFINITIONS = (
					"DEBUG=1",
					"$(inherited)",
				);
				GCC_WARN_64_TO_32_BIT_CONVERSION = YES;
				GCC_WARN_ABOUT_RETURN_TYPE = YES_ERROR;
				GCC_WARN_UNDECLARED_SELECTOR = YES;
				GCC_WARN_UNINITIALIZED_AUTOS = YES_AGGRESSIVE;
				GCC_WARN_UNUSED_FUNCTION = YES;
				GCC_WARN_UNUSED_VARIABLE = YES;
				IPHONEOS_DEPLOYMENT_TARGET = 12.1;
				MTL_ENABLE_DEBUG_INFO = INCLUDE_SOURCE;
				MTL_FAST_MATH = YES;
				ONLY_ACTIVE_ARCH = YES;
				SDKROOT = iphoneos;
				SWIFT_ACTIVE_COMPILATION_CONDITIONS = DEBUG;
				SWIFT_OPTIMIZATION_LEVEL = "-Onone";
			};
			name = Debug;
		};
		86BECC2B23173B2100A2BE4D /* Release */ = {
			isa = XCBuildConfiguration;
			buildSettings = {
				ALWAYS_SEARCH_USER_PATHS = NO;
				CLANG_ANALYZER_NONNULL = YES;
				CLANG_ANALYZER_NUMBER_OBJECT_CONVERSION = YES_AGGRESSIVE;
				CLANG_CXX_LANGUAGE_STANDARD = "gnu++14";
				CLANG_CXX_LIBRARY = "libc++";
				CLANG_ENABLE_MODULES = YES;
				CLANG_ENABLE_OBJC_ARC = YES;
				CLANG_ENABLE_OBJC_WEAK = YES;
				CLANG_WARN_BLOCK_CAPTURE_AUTORELEASING = YES;
				CLANG_WARN_BOOL_CONVERSION = YES;
				CLANG_WARN_COMMA = YES;
				CLANG_WARN_CONSTANT_CONVERSION = YES;
				CLANG_WARN_DEPRECATED_OBJC_IMPLEMENTATIONS = YES;
				CLANG_WARN_DIRECT_OBJC_ISA_USAGE = YES_ERROR;
				CLANG_WARN_DOCUMENTATION_COMMENTS = YES;
				CLANG_WARN_EMPTY_BODY = YES;
				CLANG_WARN_ENUM_CONVERSION = YES;
				CLANG_WARN_INFINITE_RECURSION = YES;
				CLANG_WARN_INT_CONVERSION = YES;
				CLANG_WARN_NON_LITERAL_NULL_CONVERSION = YES;
				CLANG_WARN_OBJC_IMPLICIT_RETAIN_SELF = YES;
				CLANG_WARN_OBJC_LITERAL_CONVERSION = YES;
				CLANG_WARN_OBJC_ROOT_CLASS = YES_ERROR;
				CLANG_WARN_RANGE_LOOP_ANALYSIS = YES;
				CLANG_WARN_STRICT_PROTOTYPES = YES;
				CLANG_WARN_SUSPICIOUS_MOVE = YES;
				CLANG_WARN_UNGUARDED_AVAILABILITY = YES_AGGRESSIVE;
				CLANG_WARN_UNREACHABLE_CODE = YES;
				CLANG_WARN__DUPLICATE_METHOD_MATCH = YES;
				CODE_SIGN_IDENTITY = "iPhone Developer";
				COPY_PHASE_STRIP = NO;
				DEBUG_INFORMATION_FORMAT = "dwarf-with-dsym";
				ENABLE_NS_ASSERTIONS = NO;
				ENABLE_STRICT_OBJC_MSGSEND = YES;
				GCC_C_LANGUAGE_STANDARD = gnu11;
				GCC_NO_COMMON_BLOCKS = YES;
				GCC_WARN_64_TO_32_BIT_CONVERSION = YES;
				GCC_WARN_ABOUT_RETURN_TYPE = YES_ERROR;
				GCC_WARN_UNDECLARED_SELECTOR = YES;
				GCC_WARN_UNINITIALIZED_AUTOS = YES_AGGRESSIVE;
				GCC_WARN_UNUSED_FUNCTION = YES;
				GCC_WARN_UNUSED_VARIABLE = YES;
				IPHONEOS_DEPLOYMENT_TARGET = 12.1;
				MTL_ENABLE_DEBUG_INFO = NO;
				MTL_FAST_MATH = YES;
				SDKROOT = iphoneos;
				SWIFT_COMPILATION_MODE = wholemodule;
				SWIFT_OPTIMIZATION_LEVEL = "-O";
				VALIDATE_PRODUCT = YES;
			};
			name = Release;
		};
		86BECC2D23173B2100A2BE4D /* Debug */ = {
			isa = XCBuildConfiguration;
			buildSettings = {
				ASSETCATALOG_COMPILER_APPICON_NAME = AppIcon;
				CODE_SIGN_STYLE = Automatic;
				INFOPLIST_FILE = FlixNChill/Info.plist;
				LD_RUNPATH_SEARCH_PATHS = (
					"$(inherited)",
					"@executable_path/Frameworks",
				);
				PRODUCT_BUNDLE_IDENTIFIER = com.codepath.FlixNChill;
				PRODUCT_NAME = "$(TARGET_NAME)";
				SWIFT_VERSION = 4.2;
				TARGETED_DEVICE_FAMILY = "1,2";
			};
			name = Debug;
		};
		86BECC2E23173B2100A2BE4D /* Release */ = {
			isa = XCBuildConfiguration;
			buildSettings = {
				ASSETCATALOG_COMPILER_APPICON_NAME = AppIcon;
				CODE_SIGN_STYLE = Automatic;
				INFOPLIST_FILE = FlixNChill/Info.plist;
				LD_RUNPATH_SEARCH_PATHS = (
					"$(inherited)",
					"@executable_path/Frameworks",
				);
				PRODUCT_BUNDLE_IDENTIFIER = com.codepath.FlixNChill;
				PRODUCT_NAME = "$(TARGET_NAME)";
				SWIFT_VERSION = 4.2;
				TARGETED_DEVICE_FAMILY = "1,2";
			};
			name = Release;
		};
		86BECC3023173B2100A2BE4D /* Debug */ = {
			isa = XCBuildConfiguration;
			buildSettings = {
				ALWAYS_EMBED_SWIFT_STANDARD_LIBRARIES = YES;
				BUNDLE_LOADER = "$(TEST_HOST)";
				CODE_SIGN_STYLE = Automatic;
				INFOPLIST_FILE = FlixNChillTests/Info.plist;
				LD_RUNPATH_SEARCH_PATHS = (
					"$(inherited)",
					"@executable_path/Frameworks",
					"@loader_path/Frameworks",
				);
				PRODUCT_BUNDLE_IDENTIFIER = com.codepath.FlixNChillTests;
				PRODUCT_NAME = "$(TARGET_NAME)";
				SWIFT_VERSION = 4.2;
				TARGETED_DEVICE_FAMILY = "1,2";
				TEST_HOST = "$(BUILT_PRODUCTS_DIR)/FlixNChill.app/FlixNChill";
			};
			name = Debug;
		};
		86BECC3123173B2100A2BE4D /* Release */ = {
			isa = XCBuildConfiguration;
			buildSettings = {
				ALWAYS_EMBED_SWIFT_STANDARD_LIBRARIES = YES;
				BUNDLE_LOADER = "$(TEST_HOST)";
				CODE_SIGN_STYLE = Automatic;
				INFOPLIST_FILE = FlixNChillTests/Info.plist;
				LD_RUNPATH_SEARCH_PATHS = (
					"$(inherited)",
					"@executable_path/Frameworks",
					"@loader_path/Frameworks",
				);
				PRODUCT_BUNDLE_IDENTIFIER = com.codepath.FlixNChillTests;
				PRODUCT_NAME = "$(TARGET_NAME)";
				SWIFT_VERSION = 4.2;
				TARGETED_DEVICE_FAMILY = "1,2";
				TEST_HOST = "$(BUILT_PRODUCTS_DIR)/FlixNChill.app/FlixNChill";
			};
			name = Release;
		};
		86BECC3323173B2100A2BE4D /* Debug */ = {
			isa = XCBuildConfiguration;
			buildSettings = {
				ALWAYS_EMBED_SWIFT_STANDARD_LIBRARIES = YES;
				CODE_SIGN_STYLE = Automatic;
				INFOPLIST_FILE = FlixNChillUITests/Info.plist;
				LD_RUNPATH_SEARCH_PATHS = (
					"$(inherited)",
					"@executable_path/Frameworks",
					"@loader_path/Frameworks",
				);
				PRODUCT_BUNDLE_IDENTIFIER = com.codepath.FlixNChillUITests;
				PRODUCT_NAME = "$(TARGET_NAME)";
				SWIFT_VERSION = 4.2;
				TARGETED_DEVICE_FAMILY = "1,2";
				TEST_TARGET_NAME = FlixNChill;
			};
			name = Debug;
		};
		86BECC3423173B2100A2BE4D /* Release */ = {
			isa = XCBuildConfiguration;
			buildSettings = {
				ALWAYS_EMBED_SWIFT_STANDARD_LIBRARIES = YES;
				CODE_SIGN_STYLE = Automatic;
				INFOPLIST_FILE = FlixNChillUITests/Info.plist;
				LD_RUNPATH_SEARCH_PATHS = (
					"$(inherited)",
					"@executable_path/Frameworks",
					"@loader_path/Frameworks",
				);
				PRODUCT_BUNDLE_IDENTIFIER = com.codepath.FlixNChillUITests;
				PRODUCT_NAME = "$(TARGET_NAME)";
				SWIFT_VERSION = 4.2;
				TARGETED_DEVICE_FAMILY = "1,2";
				TEST_TARGET_NAME = FlixNChill;
			};
			name = Release;
		};
/* End XCBuildConfiguration section */

/* Begin XCConfigurationList section */
		86BECBFF23173B1F00A2BE4D /* Build configuration list for PBXProject "FlixNChill" */ = {
			isa = XCConfigurationList;
			buildConfigurations = (
				86BECC2A23173B2100A2BE4D /* Debug */,
				86BECC2B23173B2100A2BE4D /* Release */,
			);
			defaultConfigurationIsVisible = 0;
			defaultConfigurationName = Release;
		};
		86BECC2C23173B2100A2BE4D /* Build configuration list for PBXNativeTarget "FlixNChill" */ = {
			isa = XCConfigurationList;
			buildConfigurations = (
				86BECC2D23173B2100A2BE4D /* Debug */,
				86BECC2E23173B2100A2BE4D /* Release */,
			);
			defaultConfigurationIsVisible = 0;
			defaultConfigurationName = Release;
		};
		86BECC2F23173B2100A2BE4D /* Build configuration list for PBXNativeTarget "FlixNChillTests" */ = {
			isa = XCConfigurationList;
			buildConfigurations = (
				86BECC3023173B2100A2BE4D /* Debug */,
				86BECC3123173B2100A2BE4D /* Release */,
			);
			defaultConfigurationIsVisible = 0;
			defaultConfigurationName = Release;
		};
		86BECC3223173B2100A2BE4D /* Build configuration list for PBXNativeTarget "FlixNChillUITests" */ = {
			isa = XCConfigurationList;
			buildConfigurations = (
				86BECC3323173B2100A2BE4D /* Debug */,
				86BECC3423173B2100A2BE4D /* Release */,
			);
			defaultConfigurationIsVisible = 0;
			defaultConfigurationName = Release;
		};
/* End XCConfigurationList section */
	};
	rootObject = 86BECBFC23173B1F00A2BE4D /* Project object */;
}
